{
  "version": 4,
  "terraform_version": "0.13.1",
  "serial": 21,
  "lineage": "1f27e6ed-2041-79e1-a309-3be4873a53a2",
  "outputs": {
    "config_map_aws_auth": {
      "value": "\r\n\r\napiVersion: v1\r\nkind: ConfigMap\r\nmetadata:\r\n  name: aws-auth\r\n  namespace: kube-system\r\ndata:\r\n  mapRoles: |\r\n    - rolearn: arn:aws:iam::425563513848:role/terraform-eks-main-node\r\n      username: system:node:{{EC2PrivateDNSName}}\r\n      groups:\r\n        - system:bootstrappers\r\n        - system:nodes\r\n",
      "type": "string"
    },
    "kubeconfig": {
      "value": "\r\n\r\napiVersion: v1\r\nclusters:\r\n- cluster:\r\n    server: https://FE6B205BFA209F05C90B29044479FB95.sk1.ap-southeast-1.eks.amazonaws.com\r\n    certificate-authority-data: LS0tLS1CRUdJTiBDRVJUSUZJQ0FURS0tLS0tCk1JSUN5RENDQWJDZ0F3SUJBZ0lCQURBTkJna3Foa2lHOXcwQkFRc0ZBREFWTVJNd0VRWURWUVFERXdwcmRXSmwKY201bGRHVnpNQjRYRFRJd01UQXdPVEEzTVRFME1sb1hEVE13TVRBd056QTNNVEUwTWxvd0ZURVRNQkVHQTFVRQpBeE1LYTNWaVpYSnVaWFJsY3pDQ0FTSXdEUVlKS29aSWh2Y05BUUVCQlFBRGdnRVBBRENDQVFvQ2dnRUJBTXBkClh6alhQZy9Nb2ZtVW40ZEZxOVZaUnFKM0I1VnRIcGZEbUluclJmclNmNUxiWjhEczBLbHJFRE0wVWVGRGxoemgKL1ZaV1M2NDFVcGhSUzNiQmdQaktpdlB1ZDBJVlFNUXZaVW5OUEY4aTZmYjlWbmE4cVBoMjQwZjZZUXNaZEIxTApHQ25VYmI5M3BUWUtaQnluSm5ITXI4NFdqQkxhWGF2R2JvQ09iT0VuYzhFdjhueFZuOG4vSUQ3K0FGMy94SUo0CnFGWU1FUlVvbVNmOEFLR1o4MlhYNkwwS0UvRFZsZGNEc2JDWXQrMXNJeU5PMS9mRVdJdll5MlpCYTFPQkFia1gKdFJUQnpJU3Y5elp4NFViNEpyK0Rwc0ExTjVqaUN3cEFBdFNoWDBtY0RLaFNYRW4rQmFCT0JLUng0N0prSVRlVgpVWnNZUEsrZ3JoQ0UyOExOM3VzQ0F3RUFBYU1qTUNFd0RnWURWUjBQQVFIL0JBUURBZ0trTUE4R0ExVWRFd0VCCi93UUZNQU1CQWY4d0RRWUpLb1pJaHZjTkFRRUxCUUFEZ2dFQkFBOFNNOEN0eHBVU0Nod0JrU3hMYmcrS2tYWVkKUCsxbU0xVWpOMTFxSDR5Z1NLNi9kVkYvTmE5V3ZQUW5qOWVUV3pUS24yUXZWU0NTOEJuN0MrL3lyZFZnRlFQQwppS0hUdGMrbTRMNmxNUmltaTBoNERyZU9ONXljbkJjdjQ1V1VqODJlQnIwU2E2SlhFd254dVBUZTFKN3RNSzI1Cm0vT3dZZk0vaFVVcnZmZU9rc2c0Ym5oTWcvS3h1ZDFFeXhZdk00YmptK2RWUm9pakZBRlhiY3NJZVdvb1VWVFAKUnhUdWJHblVGWUxxTXVjdTR5RFRYelRhVXVRb1lVUWJLYk5xbG9YZ3NVNnFpWVlGVWhuRmhlVHlmOUVlZEEragpjLzljakk2ejBUMFhlc0ptRzgxWVZLYXV3d2FiSVV0V3JXczdjYlVpdlZ4dDRrUUpjejFvb1Vqd0ZQaz0KLS0tLS1FTkQgQ0VSVElGSUNBVEUtLS0tLQo=\r\n  name: kubernetes\r\ncontexts:\r\n- context:\r\n    cluster: kubernetes\r\n    user: aws\r\n  name: aws\r\ncurrent-context: aws\r\nkind: Config\r\npreferences: {}\r\nusers:\r\n- name: aws\r\n  user:\r\n    exec:\r\n      apiVersion: client.authentication.k8s.io/v1alpha1\r\n      command: aws-iam-authenticator\r\n      args:\r\n        - \"token\"\r\n        - \"-i\"\r\n        - \"terraform-eks\"\r\n",
      "type": "string"
    }
  },
  "resources": [
    {
      "mode": "data",
      "type": "aws_availability_zones",
      "name": "available",
      "provider": "provider[\"registry.terraform.io/hashicorp/aws\"]",
      "instances": [
        {
          "schema_version": 0,
          "attributes": {
            "all_availability_zones": null,
            "exclude_names": null,
            "exclude_zone_ids": null,
            "filter": null,
            "group_names": [
              "ap-southeast-1"
            ],
            "id": "2020-10-19 18:08:03.1274791 +0000 UTC",
            "names": [
              "ap-southeast-1a",
              "ap-southeast-1b",
              "ap-southeast-1c"
            ],
            "state": null,
            "zone_ids": [
              "apse1-az1",
              "apse1-az2",
              "apse1-az3"
            ]
          }
        }
      ]
    },
    {
      "mode": "data",
      "type": "http",
      "name": "workstation-external-ip",
      "provider": "provider[\"registry.terraform.io/hashicorp/http\"]",
      "instances": [
        {
          "schema_version": 0,
          "attributes": {
            "body": "218.212.243.66\n",
            "id": "2020-10-19 18:08:01.4764789 +0000 UTC",
            "request_headers": null,
            "response_headers": {
              "Access-Control-Allow-Methods": "GET",
              "Access-Control-Allow-Origin": "*",
              "Content-Length": "15",
              "Content-Type": "text/plain; charset=UTF-8",
              "Date": "Mon, 19 Oct 2020 18:08:01 GMT",
              "Server": "nginx",
              "X-Donation": "This site is expensive to run. You can donate BTC to 3LSp89k9qnMJBpV7AUNF3M2Eo1vatpkYpm",
              "X-Duck": "🦆",
              "X-Node": "icanhazip-dfw-1",
              "X-Rtfm": "Learn about this site at http://bit.ly/icanhazip-faq and do not abuse the service."
            },
            "url": "http://ipv4.icanhazip.com"
          }
        }
      ]
    },
    {
      "mode": "managed",
      "type": "aws_acm_certificate",
      "name": "cert",
      "provider": "provider[\"registry.terraform.io/hashicorp/aws\"]",
      "instances": [
        {
          "schema_version": 0,
          "attributes": {
            "arn": "arn:aws:acm:ap-southeast-1:425563513848:certificate/bf934c86-6511-4f34-a9f2-13410660e050",
            "certificate_authority_arn": "",
            "certificate_body": null,
            "certificate_chain": null,
            "domain_name": "peerprep.live",
            "domain_validation_options": [
              {
                "domain_name": "peerprep.live",
                "resource_record_name": "_d335b19b0e69dcb26b5f09067d59dcbf.peerprep.live.",
                "resource_record_type": "CNAME",
                "resource_record_value": "_1bd4cce29946f1c4f010076a72324700.zbkrxsrfvj.acm-validations.aws."
              }
            ],
            "id": "arn:aws:acm:ap-southeast-1:425563513848:certificate/bf934c86-6511-4f34-a9f2-13410660e050",
            "options": [
              {
                "certificate_transparency_logging_preference": "ENABLED"
              }
            ],
            "private_key": null,
            "status": "PENDING_VALIDATION",
            "subject_alternative_names": [],
            "tags": {
              "Environment": "production"
            },
            "validation_emails": [],
            "validation_method": "DNS"
          },
          "private": "bnVsbA==",
          "create_before_destroy": true
        }
      ]
    },
    {
      "mode": "managed",
      "type": "aws_eks_cluster",
      "name": "main",
      "provider": "provider[\"registry.terraform.io/hashicorp/aws\"]",
      "instances": [
        {
          "schema_version": 0,
          "attributes": {
            "arn": "arn:aws:eks:ap-southeast-1:425563513848:cluster/terraform-eks",
            "certificate_authority": [
              {
                "data": "LS0tLS1CRUdJTiBDRVJUSUZJQ0FURS0tLS0tCk1JSUN5RENDQWJDZ0F3SUJBZ0lCQURBTkJna3Foa2lHOXcwQkFRc0ZBREFWTVJNd0VRWURWUVFERXdwcmRXSmwKY201bGRHVnpNQjRYRFRJd01UQXdPVEEzTVRFME1sb1hEVE13TVRBd056QTNNVEUwTWxvd0ZURVRNQkVHQTFVRQpBeE1LYTNWaVpYSnVaWFJsY3pDQ0FTSXdEUVlKS29aSWh2Y05BUUVCQlFBRGdnRVBBRENDQVFvQ2dnRUJBTXBkClh6alhQZy9Nb2ZtVW40ZEZxOVZaUnFKM0I1VnRIcGZEbUluclJmclNmNUxiWjhEczBLbHJFRE0wVWVGRGxoemgKL1ZaV1M2NDFVcGhSUzNiQmdQaktpdlB1ZDBJVlFNUXZaVW5OUEY4aTZmYjlWbmE4cVBoMjQwZjZZUXNaZEIxTApHQ25VYmI5M3BUWUtaQnluSm5ITXI4NFdqQkxhWGF2R2JvQ09iT0VuYzhFdjhueFZuOG4vSUQ3K0FGMy94SUo0CnFGWU1FUlVvbVNmOEFLR1o4MlhYNkwwS0UvRFZsZGNEc2JDWXQrMXNJeU5PMS9mRVdJdll5MlpCYTFPQkFia1gKdFJUQnpJU3Y5elp4NFViNEpyK0Rwc0ExTjVqaUN3cEFBdFNoWDBtY0RLaFNYRW4rQmFCT0JLUng0N0prSVRlVgpVWnNZUEsrZ3JoQ0UyOExOM3VzQ0F3RUFBYU1qTUNFd0RnWURWUjBQQVFIL0JBUURBZ0trTUE4R0ExVWRFd0VCCi93UUZNQU1CQWY4d0RRWUpLb1pJaHZjTkFRRUxCUUFEZ2dFQkFBOFNNOEN0eHBVU0Nod0JrU3hMYmcrS2tYWVkKUCsxbU0xVWpOMTFxSDR5Z1NLNi9kVkYvTmE5V3ZQUW5qOWVUV3pUS24yUXZWU0NTOEJuN0MrL3lyZFZnRlFQQwppS0hUdGMrbTRMNmxNUmltaTBoNERyZU9ONXljbkJjdjQ1V1VqODJlQnIwU2E2SlhFd254dVBUZTFKN3RNSzI1Cm0vT3dZZk0vaFVVcnZmZU9rc2c0Ym5oTWcvS3h1ZDFFeXhZdk00YmptK2RWUm9pakZBRlhiY3NJZVdvb1VWVFAKUnhUdWJHblVGWUxxTXVjdTR5RFRYelRhVXVRb1lVUWJLYk5xbG9YZ3NVNnFpWVlGVWhuRmhlVHlmOUVlZEEragpjLzljakk2ejBUMFhlc0ptRzgxWVZLYXV3d2FiSVV0V3JXczdjYlVpdlZ4dDRrUUpjejFvb1Vqd0ZQaz0KLS0tLS1FTkQgQ0VSVElGSUNBVEUtLS0tLQo="
              }
            ],
            "created_at": "2020-10-09 07:04:52.221 +0000 UTC",
            "enabled_cluster_log_types": [],
            "encryption_config": [],
            "endpoint": "https://FE6B205BFA209F05C90B29044479FB95.sk1.ap-southeast-1.eks.amazonaws.com",
            "id": "terraform-eks",
            "identity": [
              {
                "oidc": [
                  {
                    "issuer": "https://oidc.eks.ap-southeast-1.amazonaws.com/id/FE6B205BFA209F05C90B29044479FB95"
                  }
                ]
              }
            ],
            "name": "terraform-eks",
            "platform_version": "eks.3",
            "role_arn": "arn:aws:iam::425563513848:role/terraform-eks-main-cluster",
            "status": "ACTIVE",
            "tags": {},
            "timeouts": null,
            "version": "1.17",
            "vpc_config": [
              {
                "cluster_security_group_id": "sg-0dcba9045a9cb5574",
                "endpoint_private_access": false,
                "endpoint_public_access": true,
                "public_access_cidrs": [
                  "0.0.0.0/0"
                ],
                "security_group_ids": [
                  "sg-08962689881a4ff81"
                ],
                "subnet_ids": [
                  "subnet-0bdb9befac04d44c1",
                  "subnet-0ee5df77b856d91c2"
                ],
                "vpc_id": "vpc-0eac5f467bd587d8b"
              }
            ]
          },
          "private": "eyJlMmJmYjczMC1lY2FhLTExZTYtOGY4OC0zNDM2M2JjN2M0YzAiOnsiY3JlYXRlIjoxODAwMDAwMDAwMDAwLCJkZWxldGUiOjkwMDAwMDAwMDAwMCwidXBkYXRlIjozNjAwMDAwMDAwMDAwfX0=",
          "dependencies": [
            "aws_iam_role.main-cluster",
            "aws_iam_role_policy_attachment.main-cluster-AmazonEKSClusterPolicy",
            "aws_security_group.main-cluster",
            "aws_subnet.main",
            "aws_vpc.main",
            "data.aws_availability_zones.available"
          ]
        }
      ]
    },
    {
      "mode": "managed",
      "type": "aws_eks_node_group",
      "name": "main",
      "provider": "provider[\"registry.terraform.io/hashicorp/aws\"]",
      "instances": [
        {
          "schema_version": 0,
          "attributes": {
            "ami_type": "AL2_x86_64",
            "arn": "arn:aws:eks:ap-southeast-1:425563513848:nodegroup/terraform-eks/main/66ba861d-bc24-aec1-19be-64031dbc1065",
            "cluster_name": "terraform-eks",
            "disk_size": 20,
            "force_update_version": null,
            "id": "terraform-eks:main",
            "instance_types": [
              "t3.medium"
            ],
            "labels": {},
            "launch_template": [],
            "node_group_name": "main",
            "node_role_arn": "arn:aws:iam::425563513848:role/terraform-eks-main-node",
            "release_version": "1.17.11-20201002",
            "remote_access": [],
            "resources": [
              {
                "autoscaling_groups": [
                  {
                    "name": "eks-66ba861d-bc24-aec1-19be-64031dbc1065"
                  }
                ],
                "remote_access_security_group_id": ""
              }
            ],
            "scaling_config": [
              {
                "desired_size": 1,
                "max_size": 3,
                "min_size": 1
              }
            ],
            "status": "ACTIVE",
            "subnet_ids": [
              "subnet-0bdb9befac04d44c1",
              "subnet-0ee5df77b856d91c2"
            ],
            "tags": {},
            "timeouts": null,
            "version": "1.17"
          },
          "private": "eyJlMmJmYjczMC1lY2FhLTExZTYtOGY4OC0zNDM2M2JjN2M0YzAiOnsiY3JlYXRlIjozNjAwMDAwMDAwMDAwLCJkZWxldGUiOjM2MDAwMDAwMDAwMDAsInVwZGF0ZSI6MzYwMDAwMDAwMDAwMH19",
          "dependencies": [
            "aws_eks_cluster.main",
            "aws_iam_role.main-cluster",
            "aws_iam_role.main-node",
            "aws_iam_role_policy_attachment.main-cluster-AmazonEKSClusterPolicy",
            "aws_iam_role_policy_attachment.main-node-AmazonEC2ContainerRegistryReadOnly",
            "aws_iam_role_policy_attachment.main-node-AmazonEKSWorkerNodePolicy",
            "aws_iam_role_policy_attachment.main-node-AmazonEKS_CNI_Policy",
            "aws_security_group.main-cluster",
            "aws_subnet.main",
            "aws_vpc.main",
            "data.aws_availability_zones.available"
          ]
        }
      ]
    },
    {
      "mode": "managed",
      "type": "aws_iam_role",
      "name": "main-cluster",
      "provider": "provider[\"registry.terraform.io/hashicorp/aws\"]",
      "instances": [
        {
          "schema_version": 0,
          "attributes": {
            "arn": "arn:aws:iam::425563513848:role/terraform-eks-main-cluster",
            "assume_role_policy": "{\"Version\":\"2012-10-17\",\"Statement\":[{\"Effect\":\"Allow\",\"Principal\":{\"Service\":\"eks.amazonaws.com\"},\"Action\":\"sts:AssumeRole\"}]}",
            "create_date": "2020-10-09T07:04:46Z",
            "description": "",
            "force_detach_policies": false,
            "id": "terraform-eks-main-cluster",
            "max_session_duration": 3600,
            "name": "terraform-eks-main-cluster",
            "name_prefix": null,
            "path": "/",
            "permissions_boundary": null,
            "tags": {},
            "unique_id": "AROAWGFMP4P4ETPAY3F62"
          },
          "private": "bnVsbA=="
        }
      ]
    },
    {
      "mode": "managed",
      "type": "aws_iam_role",
      "name": "main-node",
      "provider": "provider[\"registry.terraform.io/hashicorp/aws\"]",
      "instances": [
        {
          "schema_version": 0,
          "attributes": {
            "arn": "arn:aws:iam::425563513848:role/terraform-eks-main-node",
            "assume_role_policy": "{\"Version\":\"2012-10-17\",\"Statement\":[{\"Effect\":\"Allow\",\"Principal\":{\"Service\":\"ec2.amazonaws.com\"},\"Action\":\"sts:AssumeRole\"}]}",
            "create_date": "2020-10-09T07:04:46Z",
            "description": "",
            "force_detach_policies": false,
            "id": "terraform-eks-main-node",
            "max_session_duration": 3600,
            "name": "terraform-eks-main-node",
            "name_prefix": null,
            "path": "/",
            "permissions_boundary": null,
            "tags": {},
            "unique_id": "AROAWGFMP4P4NARGFHC33"
          },
          "private": "bnVsbA=="
        }
      ]
    },
    {
      "mode": "managed",
      "type": "aws_iam_role_policy_attachment",
      "name": "main-cluster-AmazonEKSClusterPolicy",
      "provider": "provider[\"registry.terraform.io/hashicorp/aws\"]",
      "instances": [
        {
          "schema_version": 0,
          "attributes": {
            "id": "terraform-eks-main-cluster-20201009070446500500000004",
            "policy_arn": "arn:aws:iam::aws:policy/AmazonEKSClusterPolicy",
            "role": "terraform-eks-main-cluster"
          },
          "private": "bnVsbA==",
          "dependencies": [
            "aws_iam_role.main-cluster"
          ]
        }
      ]
    },
    {
      "mode": "managed",
      "type": "aws_iam_role_policy_attachment",
      "name": "main-node-AmazonEC2ContainerRegistryReadOnly",
      "provider": "provider[\"registry.terraform.io/hashicorp/aws\"]",
      "instances": [
        {
          "schema_version": 0,
          "attributes": {
            "id": "terraform-eks-main-node-20201009070446381500000003",
            "policy_arn": "arn:aws:iam::aws:policy/AmazonEC2ContainerRegistryReadOnly",
            "role": "terraform-eks-main-node"
          },
          "private": "bnVsbA==",
          "dependencies": [
            "aws_iam_role.main-node"
          ]
        }
      ]
    },
    {
      "mode": "managed",
      "type": "aws_iam_role_policy_attachment",
      "name": "main-node-AmazonEKSWorkerNodePolicy",
      "provider": "provider[\"registry.terraform.io/hashicorp/aws\"]",
      "instances": [
        {
          "schema_version": 0,
          "attributes": {
            "id": "terraform-eks-main-node-20201009070446314500000001",
            "policy_arn": "arn:aws:iam::aws:policy/AmazonEKSWorkerNodePolicy",
            "role": "terraform-eks-main-node"
          },
          "private": "bnVsbA==",
          "dependencies": [
            "aws_iam_role.main-node"
          ]
        }
      ]
    },
    {
      "mode": "managed",
      "type": "aws_iam_role_policy_attachment",
      "name": "main-node-AmazonEKS_CNI_Policy",
      "provider": "provider[\"registry.terraform.io/hashicorp/aws\"]",
      "instances": [
        {
          "schema_version": 0,
          "attributes": {
            "id": "terraform-eks-main-node-20201009070446350500000002",
            "policy_arn": "arn:aws:iam::aws:policy/AmazonEKS_CNI_Policy",
            "role": "terraform-eks-main-node"
          },
          "private": "bnVsbA==",
          "dependencies": [
            "aws_iam_role.main-node"
          ]
        }
      ]
    },
    {
      "mode": "managed",
      "type": "aws_internet_gateway",
      "name": "main",
      "provider": "provider[\"registry.terraform.io/hashicorp/aws\"]",
      "instances": [
        {
          "schema_version": 0,
          "attributes": {
            "arn": "arn:aws:ec2:ap-southeast-1:425563513848:internet-gateway/igw-03604f0a609dcc908",
            "id": "igw-03604f0a609dcc908",
            "owner_id": "425563513848",
            "tags": {
              "Name": "terraform-eks-main"
            },
            "vpc_id": "vpc-0eac5f467bd587d8b"
          },
          "private": "bnVsbA==",
          "dependencies": [
            "aws_vpc.main"
          ]
        }
      ]
    },
    {
      "mode": "managed",
      "type": "aws_route53_zone",
      "name": "main",
      "provider": "provider[\"registry.terraform.io/hashicorp/aws\"]",
      "instances": [
        {
          "schema_version": 0,
          "attributes": {
            "comment": "Managed by Terraform",
            "delegation_set_id": "",
            "force_destroy": false,
            "id": "Z02903722FGGL4MYZG9US",
            "name": "peerprep.live",
            "name_servers": [
              "ns-1389.awsdns-45.org",
              "ns-1828.awsdns-36.co.uk",
              "ns-278.awsdns-34.com",
              "ns-714.awsdns-25.net"
            ],
            "tags": null,
            "vpc": [],
            "zone_id": "Z02903722FGGL4MYZG9US"
          },
          "private": "bnVsbA=="
        }
      ]
    },
    {
      "mode": "managed",
      "type": "aws_route_table",
      "name": "main",
      "provider": "provider[\"registry.terraform.io/hashicorp/aws\"]",
      "instances": [
        {
          "schema_version": 0,
          "attributes": {
            "id": "rtb-0e48813c0f609c61f",
            "owner_id": "425563513848",
            "propagating_vgws": [],
            "route": [
              {
                "cidr_block": "0.0.0.0/0",
                "egress_only_gateway_id": "",
                "gateway_id": "igw-03604f0a609dcc908",
                "instance_id": "",
                "ipv6_cidr_block": "",
                "local_gateway_id": "",
                "nat_gateway_id": "",
                "network_interface_id": "",
                "transit_gateway_id": "",
                "vpc_peering_connection_id": ""
              }
            ],
            "tags": {},
            "vpc_id": "vpc-0eac5f467bd587d8b"
          },
          "private": "bnVsbA==",
          "dependencies": [
            "aws_internet_gateway.main",
            "aws_vpc.main"
          ]
        }
      ]
    },
    {
      "mode": "managed",
      "type": "aws_route_table_association",
      "name": "main",
      "provider": "provider[\"registry.terraform.io/hashicorp/aws\"]",
      "instances": [
        {
          "index_key": 0,
          "schema_version": 0,
          "attributes": {
            "gateway_id": null,
            "id": "rtbassoc-0360c45f11e711abd",
            "route_table_id": "rtb-0e48813c0f609c61f",
            "subnet_id": "subnet-0ee5df77b856d91c2"
          },
          "private": "bnVsbA==",
          "dependencies": [
            "aws_internet_gateway.main",
            "aws_route_table.main",
            "aws_subnet.main",
            "aws_vpc.main",
            "data.aws_availability_zones.available"
          ]
        },
        {
          "index_key": 1,
          "schema_version": 0,
          "attributes": {
            "gateway_id": null,
            "id": "rtbassoc-080ab0da386feec95",
            "route_table_id": "rtb-0e48813c0f609c61f",
            "subnet_id": "subnet-0bdb9befac04d44c1"
          },
          "private": "bnVsbA==",
          "dependencies": [
            "aws_internet_gateway.main",
            "aws_route_table.main",
            "aws_subnet.main",
            "aws_vpc.main",
            "data.aws_availability_zones.available"
          ]
        }
      ]
    },
    {
      "mode": "managed",
      "type": "aws_security_group",
      "name": "main-cluster",
      "provider": "provider[\"registry.terraform.io/hashicorp/aws\"]",
      "instances": [
        {
          "schema_version": 1,
          "attributes": {
            "arn": "arn:aws:ec2:ap-southeast-1:425563513848:security-group/sg-08962689881a4ff81",
            "description": "Cluster communication with worker nodes",
            "egress": [
              {
                "cidr_blocks": [
                  "0.0.0.0/0"
                ],
                "description": "",
                "from_port": 0,
                "ipv6_cidr_blocks": [],
                "prefix_list_ids": [],
                "protocol": "-1",
                "security_groups": [],
                "self": false,
                "to_port": 0
              }
            ],
            "id": "sg-08962689881a4ff81",
            "ingress": [
              {
                "cidr_blocks": [
                  "218.212.243.66/32"
                ],
                "description": "Allow workstation to communicate with the cluster API Server",
                "from_port": 443,
                "ipv6_cidr_blocks": [],
                "prefix_list_ids": [],
                "protocol": "tcp",
                "security_groups": [],
                "self": false,
                "to_port": 443
              }
            ],
            "name": "terraform-eks-main-cluster",
            "name_prefix": "",
            "owner_id": "425563513848",
            "revoke_rules_on_delete": false,
            "tags": {
              "Name": "terraform-eks-main"
            },
            "timeouts": null,
            "vpc_id": "vpc-0eac5f467bd587d8b"
          },
          "private": "eyJlMmJmYjczMC1lY2FhLTExZTYtOGY4OC0zNDM2M2JjN2M0YzAiOnsiY3JlYXRlIjo2MDAwMDAwMDAwMDAsImRlbGV0ZSI6NjAwMDAwMDAwMDAwfSwic2NoZW1hX3ZlcnNpb24iOiIxIn0=",
          "dependencies": [
            "aws_vpc.main"
          ]
        }
      ]
    },
    {
      "mode": "managed",
      "type": "aws_security_group_rule",
      "name": "main-cluster-ingress-workstation-https",
      "provider": "provider[\"registry.terraform.io/hashicorp/aws\"]",
      "instances": [
        {
          "schema_version": 2,
          "attributes": {
            "cidr_blocks": [
              "218.212.243.66/32"
            ],
            "description": "Allow workstation to communicate with the cluster API Server",
            "from_port": 443,
            "id": "sgrule-2021296672",
            "ipv6_cidr_blocks": [],
            "prefix_list_ids": [],
            "protocol": "tcp",
            "security_group_id": "sg-08962689881a4ff81",
            "self": false,
            "source_security_group_id": null,
            "to_port": 443,
            "type": "ingress"
          },
          "private": "eyJzY2hlbWFfdmVyc2lvbiI6IjIifQ==",
          "dependencies": [
            "aws_security_group.main-cluster",
            "aws_vpc.main",
            "data.http.workstation-external-ip"
          ]
        }
      ]
    },
    {
      "mode": "managed",
      "type": "aws_subnet",
      "name": "main",
      "provider": "provider[\"registry.terraform.io/hashicorp/aws\"]",
      "instances": [
        {
          "index_key": 0,
          "schema_version": 1,
          "attributes": {
            "arn": "arn:aws:ec2:ap-southeast-1:425563513848:subnet/subnet-0ee5df77b856d91c2",
            "assign_ipv6_address_on_creation": false,
            "availability_zone": "ap-southeast-1a",
            "availability_zone_id": "apse1-az1",
            "cidr_block": "10.0.0.0/24",
            "id": "subnet-0ee5df77b856d91c2",
            "ipv6_cidr_block": "",
            "ipv6_cidr_block_association_id": "",
            "map_public_ip_on_launch": true,
            "outpost_arn": "",
            "owner_id": "425563513848",
            "tags": {
              "Name": "terraform-eks-main-node",
              "kubernetes.io/cluster/terraform-eks": "shared"
            },
            "timeouts": null,
            "vpc_id": "vpc-0eac5f467bd587d8b"
          },
          "private": "eyJlMmJmYjczMC1lY2FhLTExZTYtOGY4OC0zNDM2M2JjN2M0YzAiOnsiY3JlYXRlIjo2MDAwMDAwMDAwMDAsImRlbGV0ZSI6MTIwMDAwMDAwMDAwMH0sInNjaGVtYV92ZXJzaW9uIjoiMSJ9",
          "dependencies": [
            "aws_vpc.main",
            "data.aws_availability_zones.available"
          ]
        },
        {
          "index_key": 1,
          "schema_version": 1,
          "attributes": {
            "arn": "arn:aws:ec2:ap-southeast-1:425563513848:subnet/subnet-0bdb9befac04d44c1",
            "assign_ipv6_address_on_creation": false,
            "availability_zone": "ap-southeast-1b",
            "availability_zone_id": "apse1-az2",
            "cidr_block": "10.0.1.0/24",
            "id": "subnet-0bdb9befac04d44c1",
            "ipv6_cidr_block": "",
            "ipv6_cidr_block_association_id": "",
            "map_public_ip_on_launch": true,
            "outpost_arn": "",
            "owner_id": "425563513848",
            "tags": {
              "Name": "terraform-eks-main-node",
              "kubernetes.io/cluster/terraform-eks": "shared"
            },
            "timeouts": null,
            "vpc_id": "vpc-0eac5f467bd587d8b"
          },
          "private": "eyJlMmJmYjczMC1lY2FhLTExZTYtOGY4OC0zNDM2M2JjN2M0YzAiOnsiY3JlYXRlIjo2MDAwMDAwMDAwMDAsImRlbGV0ZSI6MTIwMDAwMDAwMDAwMH0sInNjaGVtYV92ZXJzaW9uIjoiMSJ9",
          "dependencies": [
            "aws_vpc.main",
            "data.aws_availability_zones.available"
          ]
        }
      ]
    },
    {
      "mode": "managed",
      "type": "aws_vpc",
      "name": "main",
      "provider": "provider[\"registry.terraform.io/hashicorp/aws\"]",
      "instances": [
        {
          "schema_version": 1,
          "attributes": {
            "arn": "arn:aws:ec2:ap-southeast-1:425563513848:vpc/vpc-0eac5f467bd587d8b",
            "assign_generated_ipv6_cidr_block": false,
            "cidr_block": "10.0.0.0/16",
            "default_network_acl_id": "acl-0ea9cf9f5624c7e26",
            "default_route_table_id": "rtb-09d4b28abc24c13c2",
            "default_security_group_id": "sg-07a72b074ca09998d",
            "dhcp_options_id": "dopt-c93bdeaf",
            "enable_classiclink": false,
            "enable_classiclink_dns_support": false,
            "enable_dns_hostnames": false,
            "enable_dns_support": true,
            "id": "vpc-0eac5f467bd587d8b",
            "instance_tenancy": "default",
            "ipv6_association_id": "",
            "ipv6_cidr_block": "",
            "main_route_table_id": "rtb-09d4b28abc24c13c2",
            "owner_id": "425563513848",
            "tags": {
              "Name": "terraform-eks-main-node",
              "kubernetes.io/cluster/terraform-eks": "shared"
            }
          },
          "private": "eyJzY2hlbWFfdmVyc2lvbiI6IjEifQ=="
        }
      ]
    }
  ]
}
